PODS:
  - Firebase/Analytics (3.5.2):
    - FirebaseAnalytics (~> 3.3)
  - Firebase/Core (3.5.2):
    - Firebase/Analytics
  - Firebase/Crash (3.5.2):
    - Firebase/Analytics
    - FirebaseCrash (= 1.0.7)
  - Firebase/Messaging (3.5.2):
    - Firebase/Analytics
    - FirebaseMessaging (= 1.1.1)
  - FirebaseAnalytics (3.3.1):
    - FirebaseInstanceID (~> 1.0)
    - GoogleInterchangeUtilities (~> 1.2)
    - GoogleSymbolUtilities (~> 1.1)
    - GoogleUtilities (~> 1.2)
  - FirebaseCrash (1.0.7):
    - FirebaseAnalytics (~> 3.2)
    - FirebaseInstanceID (~> 1.0)
    - GoogleInterchangeUtilities (~> 1.2)
    - GoogleSymbolUtilities (~> 1.1)
    - GoogleUtilities (~> 1.2)
  - FirebaseInstanceID (1.0.8)
  - FirebaseMessaging (1.1.1):
    - FirebaseAnalytics (~> 3.3)
    - FirebaseInstanceID (~> 1.0)
    - GoogleInterchangeUtilities (~> 1.2)
    - GoogleIPhoneUtilities (~> 1.2)
    - GoogleSymbolUtilities (~> 1.1)
  - Google/Core (3.0.3):
    - FirebaseAnalytics (~> 3.2)
  - Google/SignIn (3.0.3):
    - Google/Core
    - GoogleSignIn (~> 4.0)
  - GoogleAppUtilities (1.1.1):
    - GoogleSymbolUtilities (~> 1.0)
  - GoogleAuthUtilities (2.0.1):
    - GoogleNetworkingUtilities (~> 1.0)
    - GoogleSymbolUtilities (~> 1.0)
  - GoogleInterchangeUtilities (1.2.1):
    - GoogleSymbolUtilities (~> 1.0)
  - GoogleIPhoneUtilities (1.2.1):
    - GoogleSymbolUtilities (~> 1.0)
    - GoogleUtilities (~> 1.0)
  - GoogleNetworkingUtilities (1.2.1):
    - GoogleSymbolUtilities (~> 1.0)
  - GoogleSignIn (4.0.0):
    - GoogleAppUtilities (~> 1.1)
    - GoogleAuthUtilities (~> 2.0)
    - GoogleNetworkingUtilities (~> 1.2)
    - GoogleUtilities (~> 1.3)
  - GoogleSymbolUtilities (1.1.1)
  - GoogleUtilities (1.3.1):
    - GoogleSymbolUtilities (~> 1.0)
  - j2objc-androidbase-debug (1.0)
  - j2objc-androidbase-release (1.0)
  - j2objc-androidbasetest-debug (1.0)
  - j2objc-androidbasetest-release (1.0)
  - j2objc-commons-io-debug (1.0)
  - j2objc-commons-io-release (1.0)
  - j2objc-commons-lang3-debug (1.0)
  - j2objc-commons-lang3-release (1.0)
  - j2objc-eventbus-debug (1.0)
  - j2objc-eventbus-release (1.0)
  - j2objc-gson-debug (1.0)
  - j2objc-gson-release (1.0)
  - j2objc-intellijannotations-debug (1.0)
  - j2objc-intellijannotations-release (1.0)
  - j2objc-lib-debug (1.0)
  - j2objc-lib-release (1.0)
  - j2objc-magicthreads-debug (1.0)
  - j2objc-magicthreads-release (1.0)
  - j2objc-retrofit-debug (1.0)
  - j2objc-retrofit-release (1.0)
  - j2objc-rxjava-debug (1.0)
  - j2objc-rxjava-release (1.0)
  - j2objc-squeaky-core-debug (1.0)
  - j2objc-squeaky-core-release (1.0)
  - j2objc-squeaky-query-debug (1.0)
  - j2objc-squeaky-query-release (1.0)
  - JWPlayer-SDK (2.4.5)
  - Kingfisher (2.5.1)
  - Reachability (3.2)
  - Toast-Swift (1.3.0)

DEPENDENCIES:
  - Firebase/Core
  - Firebase/Crash
  - Firebase/Messaging
  - Google/SignIn
  - j2objc-androidbase-debug (from `../lib/build/doppelDependencyExploded/co_touchlab_doppel_androidbase_0_3_1_SNAPSHOT`)
  - j2objc-androidbase-release (from `../lib/build/doppelDependencyExploded/co_touchlab_doppel_androidbase_0_3_1_SNAPSHOT`)
  - j2objc-androidbasetest-debug (from `../lib/build/doppelDependencyExploded/co_touchlab_doppel_androidbasetest_0_3_1_SNAPSHOT`)
  - j2objc-androidbasetest-release (from `../lib/build/doppelDependencyExploded/co_touchlab_doppel_androidbasetest_0_3_1_SNAPSHOT`)
  - j2objc-commons-io-debug (from `../lib/build/doppelDependencyExploded/doppl_commons_io_commons_io_1_4_3`)
  - j2objc-commons-io-release (from `../lib/build/doppelDependencyExploded/doppl_commons_io_commons_io_1_4_3`)
  - j2objc-commons-lang3-debug (from `../lib/build/doppelDependencyExploded/doppl_org_apache_commons_commons_lang3_3_3_2_3`)
  - j2objc-commons-lang3-release (from `../lib/build/doppelDependencyExploded/doppl_org_apache_commons_commons_lang3_3_3_2_3`)
  - j2objc-eventbus-debug (from `../lib/build/doppelDependencyExploded/doppl_de_greenrobot_eventbus_2_4_0_2`)
  - j2objc-eventbus-release (from `../lib/build/doppelDependencyExploded/doppl_de_greenrobot_eventbus_2_4_0_2`)
  - j2objc-gson-debug (from `../lib/build/doppelDependencyExploded/doppl_com_google_code_gson_gson_2_6_2_3`)
  - j2objc-gson-release (from `../lib/build/doppelDependencyExploded/doppl_com_google_code_gson_gson_2_6_2_3`)
  - j2objc-intellijannotations-debug (from `../lib/build/doppelDependencyExploded/doppl_com_intellij_intellijannotations_9_0_4`)
  - j2objc-intellijannotations-release (from `../lib/build/doppelDependencyExploded/doppl_com_intellij_intellijannotations_9_0_4`)
  - j2objc-lib-debug (from `../lib/build/doppel`)
  - j2objc-lib-release (from `../lib/build/doppel`)
  - j2objc-magicthreads-debug (from `../lib/build/doppelDependencyExploded/doppl_co_touchlab_magicthreads_0_9_1_1`)
  - j2objc-magicthreads-release (from `../lib/build/doppelDependencyExploded/doppl_co_touchlab_magicthreads_0_9_1_1`)
  - j2objc-retrofit-debug (from `../lib/build/doppelDependencyExploded/doppl_com_squareup_retrofit_retrofit_1_9_0_2`)
  - j2objc-retrofit-release (from `../lib/build/doppelDependencyExploded/doppl_com_squareup_retrofit_retrofit_1_9_0_2`)
  - j2objc-rxjava-debug (from `../lib/build/doppelDependencyExploded/doppl_io_reactivex_rxjava_1_1_6_2`)
  - j2objc-rxjava-release (from `../lib/build/doppelDependencyExploded/doppl_io_reactivex_rxjava_1_1_6_2`)
  - j2objc-squeaky-core-debug (from `../lib/build/doppelDependencyExploded/doppl_co_touchlab_squeaky_squeaky_core_0_5_0_2`)
  - j2objc-squeaky-core-release (from `../lib/build/doppelDependencyExploded/doppl_co_touchlab_squeaky_squeaky_core_0_5_0_2`)
  - j2objc-squeaky-query-debug (from `../lib/build/doppelDependencyExploded/doppl_co_touchlab_squeaky_squeaky_query_0_5_0_2`)
  - j2objc-squeaky-query-release (from `../lib/build/doppelDependencyExploded/doppl_co_touchlab_squeaky_squeaky_query_0_5_0_2`)
  - JWPlayer-SDK (~> 2.4.1)
  - Kingfisher (~> 2.4)
  - Reachability (~> 3.2)
  - Toast-Swift (~> 1.3.0)

EXTERNAL SOURCES:
  j2objc-androidbase-debug:
    :path: "../lib/build/doppelDependencyExploded/co_touchlab_doppel_androidbase_0_3_1_SNAPSHOT"
  j2objc-androidbase-release:
    :path: "../lib/build/doppelDependencyExploded/co_touchlab_doppel_androidbase_0_3_1_SNAPSHOT"
  j2objc-androidbasetest-debug:
    :path: "../lib/build/doppelDependencyExploded/co_touchlab_doppel_androidbasetest_0_3_1_SNAPSHOT"
  j2objc-androidbasetest-release:
    :path: "../lib/build/doppelDependencyExploded/co_touchlab_doppel_androidbasetest_0_3_1_SNAPSHOT"
  j2objc-commons-io-debug:
    :path: "../lib/build/doppelDependencyExploded/doppl_commons_io_commons_io_1_4_3"
  j2objc-commons-io-release:
    :path: "../lib/build/doppelDependencyExploded/doppl_commons_io_commons_io_1_4_3"
  j2objc-commons-lang3-debug:
    :path: "../lib/build/doppelDependencyExploded/doppl_org_apache_commons_commons_lang3_3_3_2_3"
  j2objc-commons-lang3-release:
    :path: "../lib/build/doppelDependencyExploded/doppl_org_apache_commons_commons_lang3_3_3_2_3"
  j2objc-eventbus-debug:
    :path: "../lib/build/doppelDependencyExploded/doppl_de_greenrobot_eventbus_2_4_0_2"
  j2objc-eventbus-release:
    :path: "../lib/build/doppelDependencyExploded/doppl_de_greenrobot_eventbus_2_4_0_2"
  j2objc-gson-debug:
    :path: "../lib/build/doppelDependencyExploded/doppl_com_google_code_gson_gson_2_6_2_3"
  j2objc-gson-release:
    :path: "../lib/build/doppelDependencyExploded/doppl_com_google_code_gson_gson_2_6_2_3"
  j2objc-intellijannotations-debug:
    :path: "../lib/build/doppelDependencyExploded/doppl_com_intellij_intellijannotations_9_0_4"
  j2objc-intellijannotations-release:
    :path: "../lib/build/doppelDependencyExploded/doppl_com_intellij_intellijannotations_9_0_4"
  j2objc-lib-debug:
    :path: "../lib/build/doppel"
  j2objc-lib-release:
    :path: "../lib/build/doppel"
  j2objc-magicthreads-debug:
    :path: "../lib/build/doppelDependencyExploded/doppl_co_touchlab_magicthreads_0_9_1_1"
  j2objc-magicthreads-release:
    :path: "../lib/build/doppelDependencyExploded/doppl_co_touchlab_magicthreads_0_9_1_1"
  j2objc-retrofit-debug:
    :path: "../lib/build/doppelDependencyExploded/doppl_com_squareup_retrofit_retrofit_1_9_0_2"
  j2objc-retrofit-release:
    :path: "../lib/build/doppelDependencyExploded/doppl_com_squareup_retrofit_retrofit_1_9_0_2"
  j2objc-rxjava-debug:
    :path: "../lib/build/doppelDependencyExploded/doppl_io_reactivex_rxjava_1_1_6_2"
  j2objc-rxjava-release:
    :path: "../lib/build/doppelDependencyExploded/doppl_io_reactivex_rxjava_1_1_6_2"
  j2objc-squeaky-core-debug:
    :path: "../lib/build/doppelDependencyExploded/doppl_co_touchlab_squeaky_squeaky_core_0_5_0_2"
  j2objc-squeaky-core-release:
    :path: "../lib/build/doppelDependencyExploded/doppl_co_touchlab_squeaky_squeaky_core_0_5_0_2"
  j2objc-squeaky-query-debug:
    :path: "../lib/build/doppelDependencyExploded/doppl_co_touchlab_squeaky_squeaky_query_0_5_0_2"
  j2objc-squeaky-query-release:
    :path: "../lib/build/doppelDependencyExploded/doppl_co_touchlab_squeaky_squeaky_query_0_5_0_2"

SPEC CHECKSUMS:
  Firebase: 94e63112efcad75226c0356a8f3032397b8547c9
  FirebaseAnalytics: d968d4d5f6aeb795cd64144337bcd233e530efc6
  FirebaseCrash: 2efeb3715b76ac843b841529ce413efb67e5fd4d
  FirebaseInstanceID: ba1e640935235e5fac39dfa816fe7660e72e1a8a
  FirebaseMessaging: 6bc7cd2ecb875c1a9c0f8b94956398aa3145bbb8
  Google: 813c467362eabc11385f5a5cc9ad0cb651a58f4e
  GoogleAppUtilities: f1730f91f67767b453c289577040dd3f425ffdc7
  GoogleAuthUtilities: d7a19615cd7627688afcf181737f1011ee8b5a23
  GoogleInterchangeUtilities: def8415a862effc67d549d5b5b0b9c7a2f97d4de
  GoogleIPhoneUtilities: 63f25e93a3ddcb66884d182aab3a660d98f1479b
  GoogleNetworkingUtilities: 3e83269048cfb498dc7ec83ab36813360965c74f
  GoogleSignIn: '09036ed61f8e75f1424100d63f7719480b2428c3'
  GoogleSymbolUtilities: 33117db1b5f290c6fbf259585e4885b4c84b98d7
  GoogleUtilities: 56c5ac05b7aa5dc417a1bb85221a9516e04d7032
  j2objc-androidbase-debug: 72d8fefb2968de9094c3a24f87c15a5e5db6ec07
  j2objc-androidbase-release: 33f38b1d99f0b117eb5bdeed689d67966fd08444
  j2objc-androidbasetest-debug: 3e416a7aff87fa72dc0b8fa5918fc51b3147bd57
  j2objc-androidbasetest-release: 56d6e500886e8be1d6abadac3ed699b60ae4b0fe
  j2objc-commons-io-debug: dae0594d47f8bbffa39184be4f9ef24d17cb37ec
  j2objc-commons-io-release: 14fe9de205b6d33466be84e034513cc7ddfb64e9
  j2objc-commons-lang3-debug: 255333eeb6fa112e8142f764ec009ed68a50c7b9
  j2objc-commons-lang3-release: edc59a9bdd235823219d8ade8ae2044ee1cac6a9
  j2objc-eventbus-debug: 27d1c7779ea89aa9fbaf39f23b7e6007372c8fc0
  j2objc-eventbus-release: ce4fa0107cd578b63579efffc27c7f2f59bcb8fb
  j2objc-gson-debug: fff2440302666a12083864510dd79dbde6eb4c68
  j2objc-gson-release: 49f0162ea81e5c7e587225004acf0dbd22a4374c
  j2objc-intellijannotations-debug: c4395c77d1869bf1fe77a48f407e554e8e2e5af7
  j2objc-intellijannotations-release: ec44dca476621d9bbe66411ff5e3c997147c7e34
  j2objc-lib-debug: 22f5ba52679a723b8d035de50622acacc278cb0b
  j2objc-lib-release: e65c33bb4c12f7f1131dc58cca9c4b64e2afb75c
  j2objc-magicthreads-debug: ebea956a3ad790c184479cc7fe1536e6dc274a7e
  j2objc-magicthreads-release: 0232b5b4805779b89e3ca804d8a598903455b054
  j2objc-retrofit-debug: c386eaa4d18b8693b9d32f4311116edba2217660
  j2objc-retrofit-release: 5e976ae19441f00019d650509de5ad0d8625297e
  j2objc-rxjava-debug: 670fbbf68cc9360165ff219af43b7679aabd71a7
  j2objc-rxjava-release: 4b3a378c2323779b4f4bd5a375cece07247a5f2a
  j2objc-squeaky-core-debug: ed0e24514ebe7569573b9d1b0ff101809756e70f
  j2objc-squeaky-core-release: 18aca37b1b983081e6cf00fa53a46d9157d27fb2
  j2objc-squeaky-query-debug: b5ddd3c401ffddb8c03515e0f179e6845001444b
  j2objc-squeaky-query-release: a02ae7f35715c5f9eede8642cdbabca5c1842f92
  JWPlayer-SDK: 1ba739f5df41266b4ed77a4af245c07f23930885
  Kingfisher: 9b82e0e1f1a296f149a50bbc2214532eaa4df4f1
  Reachability: 33e18b67625424e47b6cde6d202dce689ad7af96
  Toast-Swift: 25c3d98db42dc70d9a77b5006ee000e0becb458e

PODFILE CHECKSUM: 10a3511a8e381a33bf1ea3a9110686bc6277b3cc

COCOAPODS: 1.0.1
