PODS:
  - Crashlytics (3.8.0):
    - Fabric (~> 1.6.3)
  - Fabric (1.6.8)
  - Firebase/Analytics (3.5.2):
    - FirebaseAnalytics (~> 3.3)
  - Firebase/Core (3.5.2):
    - Firebase/Analytics
  - Firebase/Crash (3.5.2):
    - Firebase/Analytics
    - FirebaseCrash (= 1.0.7)
  - Firebase/Messaging (3.5.2):
    - Firebase/Analytics
    - FirebaseMessaging (= 1.1.1)
  - FirebaseAnalytics (3.3.1):
    - FirebaseInstanceID (~> 1.0)
    - GoogleInterchangeUtilities (~> 1.2)
    - GoogleSymbolUtilities (~> 1.1)
    - GoogleUtilities (~> 1.2)
  - FirebaseCrash (1.0.7):
    - FirebaseAnalytics (~> 3.2)
    - FirebaseInstanceID (~> 1.0)
    - GoogleInterchangeUtilities (~> 1.2)
    - GoogleSymbolUtilities (~> 1.1)
    - GoogleUtilities (~> 1.2)
  - FirebaseInstanceID (1.0.8)
  - FirebaseMessaging (1.1.1):
    - FirebaseAnalytics (~> 3.3)
    - FirebaseInstanceID (~> 1.0)
    - GoogleInterchangeUtilities (~> 1.2)
    - GoogleIPhoneUtilities (~> 1.2)
    - GoogleSymbolUtilities (~> 1.1)
  - Google/Core (3.0.3):
    - FirebaseAnalytics (~> 3.2)
  - Google/SignIn (3.0.3):
    - Google/Core
    - GoogleSignIn (~> 4.0)
  - GoogleAppUtilities (1.1.1):
    - GoogleSymbolUtilities (~> 1.0)
  - GoogleAuthUtilities (2.0.1):
    - GoogleNetworkingUtilities (~> 1.0)
    - GoogleSymbolUtilities (~> 1.0)
  - GoogleInterchangeUtilities (1.2.1):
    - GoogleSymbolUtilities (~> 1.0)
  - GoogleIPhoneUtilities (1.2.1):
    - GoogleSymbolUtilities (~> 1.0)
    - GoogleUtilities (~> 1.0)
  - GoogleNetworkingUtilities (1.2.1):
    - GoogleSymbolUtilities (~> 1.0)
  - GoogleSignIn (4.0.0):
    - GoogleAppUtilities (~> 1.1)
    - GoogleAuthUtilities (~> 2.0)
    - GoogleNetworkingUtilities (~> 1.2)
    - GoogleUtilities (~> 1.3)
  - GoogleSymbolUtilities (1.1.1)
  - GoogleUtilities (1.3.1):
    - GoogleSymbolUtilities (~> 1.0)
  - j2objc-androidbase-debug (1.0)
  - j2objc-androidbase-release (1.0)
  - j2objc-androidbasetest-debug (1.0)
  - j2objc-androidbasetest-release (1.0)
  - j2objc-commons-io-debug (1.0)
  - j2objc-commons-io-release (1.0)
  - j2objc-commons-lang3-debug (1.0)
  - j2objc-commons-lang3-release (1.0)
  - j2objc-eventbus-debug (1.0)
  - j2objc-eventbus-release (1.0)
  - j2objc-gson-debug (1.0)
  - j2objc-gson-release (1.0)
  - j2objc-intellijannotations-debug (1.0)
  - j2objc-intellijannotations-release (1.0)
  - j2objc-lib-debug (1.0)
  - j2objc-lib-release (1.0)
  - j2objc-magicthreads-debug (1.0)
  - j2objc-magicthreads-release (1.0)
  - j2objc-retrofit-debug (1.0)
  - j2objc-retrofit-release (1.0)
  - j2objc-rxjava-debug (1.0)
  - j2objc-rxjava-release (1.0)
  - j2objc-squeaky-core-debug (1.0)
  - j2objc-squeaky-core-release (1.0)
  - j2objc-squeaky-query-debug (1.0)
  - j2objc-squeaky-query-release (1.0)
  - JWPlayer-SDK (2.4.5)
  - Kingfisher (2.5.1)
  - Reachability (3.2)
  - Toast-Swift (1.3.0)

DEPENDENCIES:
  - Crashlytics
  - Fabric
  - Firebase/Core
  - Firebase/Crash
  - Firebase/Messaging
  - Google/SignIn
  - j2objc-androidbase-debug (from `../lib/build/doppelDependencyExploded/co_touchlab_doppel_androidbase_0_3_1_SNAPSHOT`)
  - j2objc-androidbase-release (from `../lib/build/doppelDependencyExploded/co_touchlab_doppel_androidbase_0_3_1_SNAPSHOT`)
  - j2objc-androidbasetest-debug (from `../lib/build/doppelDependencyExploded/co_touchlab_doppel_androidbasetest_0_3_1_SNAPSHOT`)
  - j2objc-androidbasetest-release (from `../lib/build/doppelDependencyExploded/co_touchlab_doppel_androidbasetest_0_3_1_SNAPSHOT`)
  - j2objc-commons-io-debug (from `../lib/build/doppelDependencyExploded/doppl_commons_io_commons_io_1_4_3`)
  - j2objc-commons-io-release (from `../lib/build/doppelDependencyExploded/doppl_commons_io_commons_io_1_4_3`)
  - j2objc-commons-lang3-debug (from `../lib/build/doppelDependencyExploded/doppl_org_apache_commons_commons_lang3_3_3_2_3`)
  - j2objc-commons-lang3-release (from `../lib/build/doppelDependencyExploded/doppl_org_apache_commons_commons_lang3_3_3_2_3`)
  - j2objc-eventbus-debug (from `../lib/build/doppelDependencyExploded/doppl_de_greenrobot_eventbus_2_4_0_2`)
  - j2objc-eventbus-release (from `../lib/build/doppelDependencyExploded/doppl_de_greenrobot_eventbus_2_4_0_2`)
  - j2objc-gson-debug (from `../lib/build/doppelDependencyExploded/doppl_com_google_code_gson_gson_2_6_2_3`)
  - j2objc-gson-release (from `../lib/build/doppelDependencyExploded/doppl_com_google_code_gson_gson_2_6_2_3`)
  - j2objc-intellijannotations-debug (from `../lib/build/doppelDependencyExploded/doppl_com_intellij_intellijannotations_9_0_4`)
  - j2objc-intellijannotations-release (from `../lib/build/doppelDependencyExploded/doppl_com_intellij_intellijannotations_9_0_4`)
  - j2objc-lib-debug (from `../lib/build/doppel`)
  - j2objc-lib-release (from `../lib/build/doppel`)
  - j2objc-magicthreads-debug (from `../lib/build/doppelDependencyExploded/doppl_co_touchlab_magicthreads_0_9_1_1`)
  - j2objc-magicthreads-release (from `../lib/build/doppelDependencyExploded/doppl_co_touchlab_magicthreads_0_9_1_1`)
  - j2objc-retrofit-debug (from `../lib/build/doppelDependencyExploded/doppl_com_squareup_retrofit_retrofit_1_9_0_2`)
  - j2objc-retrofit-release (from `../lib/build/doppelDependencyExploded/doppl_com_squareup_retrofit_retrofit_1_9_0_2`)
  - j2objc-rxjava-debug (from `../lib/build/doppelDependencyExploded/doppl_io_reactivex_rxjava_1_1_6_2`)
  - j2objc-rxjava-release (from `../lib/build/doppelDependencyExploded/doppl_io_reactivex_rxjava_1_1_6_2`)
  - j2objc-squeaky-core-debug (from `../lib/build/doppelDependencyExploded/doppl_co_touchlab_squeaky_squeaky_core_0_5_0_2`)
  - j2objc-squeaky-core-release (from `../lib/build/doppelDependencyExploded/doppl_co_touchlab_squeaky_squeaky_core_0_5_0_2`)
  - j2objc-squeaky-query-debug (from `../lib/build/doppelDependencyExploded/doppl_co_touchlab_squeaky_squeaky_query_0_5_0_2`)
  - j2objc-squeaky-query-release (from `../lib/build/doppelDependencyExploded/doppl_co_touchlab_squeaky_squeaky_query_0_5_0_2`)
  - JWPlayer-SDK (~> 2.4.1)
  - Kingfisher (~> 2.4)
  - Reachability (~> 3.2)
  - Toast-Swift (~> 1.3.0)

EXTERNAL SOURCES:
  j2objc-androidbase-debug:
    :path: "../lib/build/doppelDependencyExploded/co_touchlab_doppel_androidbase_0_3_1_SNAPSHOT"
  j2objc-androidbase-release:
    :path: "../lib/build/doppelDependencyExploded/co_touchlab_doppel_androidbase_0_3_1_SNAPSHOT"
  j2objc-androidbasetest-debug:
    :path: "../lib/build/doppelDependencyExploded/co_touchlab_doppel_androidbasetest_0_3_1_SNAPSHOT"
  j2objc-androidbasetest-release:
    :path: "../lib/build/doppelDependencyExploded/co_touchlab_doppel_androidbasetest_0_3_1_SNAPSHOT"
  j2objc-commons-io-debug:
    :path: "../lib/build/doppelDependencyExploded/doppl_commons_io_commons_io_1_4_3"
  j2objc-commons-io-release:
    :path: "../lib/build/doppelDependencyExploded/doppl_commons_io_commons_io_1_4_3"
  j2objc-commons-lang3-debug:
    :path: "../lib/build/doppelDependencyExploded/doppl_org_apache_commons_commons_lang3_3_3_2_3"
  j2objc-commons-lang3-release:
    :path: "../lib/build/doppelDependencyExploded/doppl_org_apache_commons_commons_lang3_3_3_2_3"
  j2objc-eventbus-debug:
    :path: "../lib/build/doppelDependencyExploded/doppl_de_greenrobot_eventbus_2_4_0_2"
  j2objc-eventbus-release:
    :path: "../lib/build/doppelDependencyExploded/doppl_de_greenrobot_eventbus_2_4_0_2"
  j2objc-gson-debug:
    :path: "../lib/build/doppelDependencyExploded/doppl_com_google_code_gson_gson_2_6_2_3"
  j2objc-gson-release:
    :path: "../lib/build/doppelDependencyExploded/doppl_com_google_code_gson_gson_2_6_2_3"
  j2objc-intellijannotations-debug:
    :path: "../lib/build/doppelDependencyExploded/doppl_com_intellij_intellijannotations_9_0_4"
  j2objc-intellijannotations-release:
    :path: "../lib/build/doppelDependencyExploded/doppl_com_intellij_intellijannotations_9_0_4"
  j2objc-lib-debug:
    :path: "../lib/build/doppel"
  j2objc-lib-release:
    :path: "../lib/build/doppel"
  j2objc-magicthreads-debug:
    :path: "../lib/build/doppelDependencyExploded/doppl_co_touchlab_magicthreads_0_9_1_1"
  j2objc-magicthreads-release:
    :path: "../lib/build/doppelDependencyExploded/doppl_co_touchlab_magicthreads_0_9_1_1"
  j2objc-retrofit-debug:
    :path: "../lib/build/doppelDependencyExploded/doppl_com_squareup_retrofit_retrofit_1_9_0_2"
  j2objc-retrofit-release:
    :path: "../lib/build/doppelDependencyExploded/doppl_com_squareup_retrofit_retrofit_1_9_0_2"
  j2objc-rxjava-debug:
    :path: "../lib/build/doppelDependencyExploded/doppl_io_reactivex_rxjava_1_1_6_2"
  j2objc-rxjava-release:
    :path: "../lib/build/doppelDependencyExploded/doppl_io_reactivex_rxjava_1_1_6_2"
  j2objc-squeaky-core-debug:
    :path: "../lib/build/doppelDependencyExploded/doppl_co_touchlab_squeaky_squeaky_core_0_5_0_2"
  j2objc-squeaky-core-release:
    :path: "../lib/build/doppelDependencyExploded/doppl_co_touchlab_squeaky_squeaky_core_0_5_0_2"
  j2objc-squeaky-query-debug:
    :path: "../lib/build/doppelDependencyExploded/doppl_co_touchlab_squeaky_squeaky_query_0_5_0_2"
  j2objc-squeaky-query-release:
    :path: "../lib/build/doppelDependencyExploded/doppl_co_touchlab_squeaky_squeaky_query_0_5_0_2"

SPEC CHECKSUMS:
  Crashlytics: 8601d9c74a4c4d28f3e7f408bf4c0e490c70e8b4
  Fabric: 5755268d0171435ab167e3d0878a28a777deaf10
  Firebase: 94e63112efcad75226c0356a8f3032397b8547c9
  FirebaseAnalytics: d968d4d5f6aeb795cd64144337bcd233e530efc6
  FirebaseCrash: 2efeb3715b76ac843b841529ce413efb67e5fd4d
  FirebaseInstanceID: ba1e640935235e5fac39dfa816fe7660e72e1a8a
  FirebaseMessaging: 6bc7cd2ecb875c1a9c0f8b94956398aa3145bbb8
  Google: 813c467362eabc11385f5a5cc9ad0cb651a58f4e
  GoogleAppUtilities: f1730f91f67767b453c289577040dd3f425ffdc7
  GoogleAuthUtilities: d7a19615cd7627688afcf181737f1011ee8b5a23
  GoogleInterchangeUtilities: def8415a862effc67d549d5b5b0b9c7a2f97d4de
  GoogleIPhoneUtilities: 63f25e93a3ddcb66884d182aab3a660d98f1479b
  GoogleNetworkingUtilities: 3e83269048cfb498dc7ec83ab36813360965c74f
  GoogleSignIn: '09036ed61f8e75f1424100d63f7719480b2428c3'
  GoogleSymbolUtilities: 33117db1b5f290c6fbf259585e4885b4c84b98d7
  GoogleUtilities: 56c5ac05b7aa5dc417a1bb85221a9516e04d7032
  j2objc-androidbase-debug: efc08fbc24e62f37c3c06a97a3b502e6c7798e79
  j2objc-androidbase-release: 638dba23b8e0e4be02313a2d18d69e6df1cd67da
  j2objc-androidbasetest-debug: cb03c7114d4fcd94718122bfe2bb3daec851df84
  j2objc-androidbasetest-release: 6d19f19aa7f4df55e7ed556d072e096510ca7a69
  j2objc-commons-io-debug: f5712d2db685732a504ebd48df35a8f96adaf304
  j2objc-commons-io-release: d36920ec4f1bff273f99647e36f62dea5025a639
  j2objc-commons-lang3-debug: 4f1e132a6b8aed5717dcfd2a76a0e4555fb01a5d
  j2objc-commons-lang3-release: 4539f0da98a39c84a1a0d83bf15d0a4ed303a025
  j2objc-eventbus-debug: 1a411d58322b58f4f1bcb61f6ed7734e0ebc8dfa
  j2objc-eventbus-release: c0c38aee0db2b8a563113683de49eb65868d4760
  j2objc-gson-debug: 11ad50ac3d99852f800b28397a2ac6ac7764d7f6
  j2objc-gson-release: e1a940421233f00ffd289de6a592ebfe988b3b81
  j2objc-intellijannotations-debug: 75dc9a0d3d72d216fffbbf6cda10ad754412762f
  j2objc-intellijannotations-release: 9ab71f0ebf9cc801a46784755792aba179bd9854
  j2objc-lib-debug: f0141193ed4fff9ffca72eb967339df6da264b37
  j2objc-lib-release: ca05cc98935aa3b23db183b851413b8d277555ef
  j2objc-magicthreads-debug: b78907a70398bedb1e2f0150f1d064e133f12431
  j2objc-magicthreads-release: 45c99a387153fd2ee1bb4b398d230be25f7b5e1b
  j2objc-retrofit-debug: 9316822c10a59ca2d1363c156dd34e82eb2788a6
  j2objc-retrofit-release: f6c7fc00b63a20e66591aa90052c5bec18dd4a77
  j2objc-rxjava-debug: 7ebb5d1e3220770156ecbce7a524ad7ab174f823
  j2objc-rxjava-release: 6995a152f5d66694bd414c33e51bb0fa13566c57
  j2objc-squeaky-core-debug: 5c05b3c33994ff86156ff4b7679858ff2d3eef61
  j2objc-squeaky-core-release: 6df9376cd5b9a92d50de75a63c914f575d8ae88d
  j2objc-squeaky-query-debug: 2b9ac92f9ead53ecf978bc9afeae8a4604156647
  j2objc-squeaky-query-release: 0fdc4d55256d70e11c3d4d15f49950d6a2e65dfc
  JWPlayer-SDK: 1ba739f5df41266b4ed77a4af245c07f23930885
  Kingfisher: 9b82e0e1f1a296f149a50bbc2214532eaa4df4f1
  Reachability: 33e18b67625424e47b6cde6d202dce689ad7af96
  Toast-Swift: 25c3d98db42dc70d9a77b5006ee000e0becb458e

PODFILE CHECKSUM: bcea920cd8dcbcd1ca4b590c50ffb89794ac0ea6

COCOAPODS: 1.0.1
